
Microsoft Visual Studio Solution File, Format Version 12.00
# Visual Studio Version 17
VisualStudioVersion = 17.8.34525.116
MinimumVisualStudioVersion = 10.0.40219.1
Project("{FAE04EC0-301F-11D3-BF4B-00C04F79EFBC}") = "StudentDetails", "StudentDetails\StudentDetails.csproj", "{26BB892F-776E-4AA1-9594-6608ECEA5FC2}"
EndProject
Global
	GlobalSection(SolutionConfigurationPlatforms) = preSolution
		Debug|Any CPU = Debug|Any CPU
		Release|Any CPU = Release|Any CPU
	EndGlobalSection
	GlobalSection(ProjectConfigurationPlatforms) = postSolution
		{26BB892F-776E-4AA1-9594-6608ECEA5FC2}.Debug|Any CPU.ActiveCfg = Debug|Any CPU
		{26BB892F-776E-4AA1-9594-6608ECEA5FC2}.Debug|Any CPU.Build.0 = Debug|Any CPU
		{26BB892F-776E-4AA1-9594-6608ECEA5FC2}.Release|Any CPU.ActiveCfg = Release|Any CPU
		{26BB892F-776E-4AA1-9594-6608ECEA5FC2}.Release|Any CPU.Build.0 = Release|Any CPU
	EndGlobalSection
	GlobalSection(SolutionProperties) = preSolution
		HideSolutionNode = FALSE
	EndGlobalSection
	GlobalSection(ExtensibilityGlobals) = postSolution
		SolutionGuid = {35313F80-62F6-47F9-A113-92F9D856FF70}
	EndGlobalSection
EndGlobal
